
Microsoft Visual Studio Solution File, Format Version 12.00
# Visual Studio Version 17
VisualStudioVersion = 17.12.35506.116 d17.12
MinimumVisualStudioVersion = 10.0.40219.1
Project("{FAE04EC0-301F-11D3-BF4B-00C04F79EFBC}") = "Web_Browser_C#", "Web_Browser_C#.csproj", "{3E4F8175-E244-4004-B2D9-E2B1B5F80F9B}"
EndProject
Global
	GlobalSection(SolutionConfigurationPlatforms) = preSolution
		Debug|Any CPU = Debug|Any CPU
		Release|Any CPU = Release|Any CPU
	EndGlobalSection
	GlobalSection(ProjectConfigurationPlatforms) = postSolution
		{3E4F8175-E244-4004-B2D9-E2B1B5F80F9B}.Debug|Any CPU.ActiveCfg = Debug|Any CPU
		{3E4F8175-E244-4004-B2D9-E2B1B5F80F9B}.Debug|Any CPU.Build.0 = Debug|Any CPU
		{3E4F8175-E244-4004-B2D9-E2B1B5F80F9B}.Release|Any CPU.ActiveCfg = Release|Any CPU
		{3E4F8175-E244-4004-B2D9-E2B1B5F80F9B}.Release|Any CPU.Build.0 = Release|Any CPU
	EndGlobalSection
	GlobalSection(SolutionProperties) = preSolution
		HideSolutionNode = FALSE
	EndGlobalSection
EndGlobal
